
Microsoft Visual Studio Solution File, Format Version 12.00
# Visual Studio Version 17
VisualStudioVersion = 17.9.34728.123
MinimumVisualStudioVersion = 10.0.40219.1
Project("{FAE04EC0-301F-11D3-BF4B-00C04F79EFBC}") = "WpfApp1", "WpfApp1\WpfApp1.csproj", "{3AE915E3-03C2-4B32-8A98-194A2DAD47DE}"
EndProject
Global
	GlobalSection(SolutionConfigurationPlatforms) = preSolution
		Debug|Any CPU = Debug|Any CPU
		Release|Any CPU = Release|Any CPU
	EndGlobalSection
	GlobalSection(ProjectConfigurationPlatforms) = postSolution
		{3AE915E3-03C2-4B32-8A98-194A2DAD47DE}.Debug|Any CPU.ActiveCfg = Debug|Any CPU
		{3AE915E3-03C2-4B32-8A98-194A2DAD47DE}.Debug|Any CPU.Build.0 = Debug|Any CPU
		{3AE915E3-03C2-4B32-8A98-194A2DAD47DE}.Release|Any CPU.ActiveCfg = Release|Any CPU
		{3AE915E3-03C2-4B32-8A98-194A2DAD47DE}.Release|Any CPU.Build.0 = Release|Any CPU
	EndGlobalSection
	GlobalSection(SolutionProperties) = preSolution
		HideSolutionNode = FALSE
	EndGlobalSection
	GlobalSection(ExtensibilityGlobals) = postSolution
		SolutionGuid = {B12C10F7-A6CF-4F25-8E51-CD78002C0A85}
	EndGlobalSection
EndGlobal
