
Microsoft Visual Studio Solution File, Format Version 12.00
# Visual Studio Version 17
VisualStudioVersion = 17.9.34728.123
MinimumVisualStudioVersion = 10.0.40219.1
Project("{FAE04EC0-301F-11D3-BF4B-00C04F79EFBC}") = "Notepad", "Notepad\Notepad.csproj", "{58AECF0E-B81F-48E2-84F1-E6F231AA4BBD}"
EndProject
Global
	GlobalSection(SolutionConfigurationPlatforms) = preSolution
		Debug|Any CPU = Debug|Any CPU
		Release|Any CPU = Release|Any CPU
	EndGlobalSection
	GlobalSection(ProjectConfigurationPlatforms) = postSolution
		{58AECF0E-B81F-48E2-84F1-E6F231AA4BBD}.Debug|Any CPU.ActiveCfg = Debug|Any CPU
		{58AECF0E-B81F-48E2-84F1-E6F231AA4BBD}.Debug|Any CPU.Build.0 = Debug|Any CPU
		{58AECF0E-B81F-48E2-84F1-E6F231AA4BBD}.Release|Any CPU.ActiveCfg = Release|Any CPU
		{58AECF0E-B81F-48E2-84F1-E6F231AA4BBD}.Release|Any CPU.Build.0 = Release|Any CPU
	EndGlobalSection
	GlobalSection(SolutionProperties) = preSolution
		HideSolutionNode = FALSE
	EndGlobalSection
	GlobalSection(ExtensibilityGlobals) = postSolution
		SolutionGuid = {35F2C40B-5A35-4263-AC56-C344BAE1813F}
	EndGlobalSection
EndGlobal
